<?xml version="1.0" encoding="utf-8"?>
<Project ToolsVersion="4.0" xmlns="http://schemas.microsoft.com/developer/msbuild/2003">
  <ItemGroup>
    <Filter Include="Source Files">
      <UniqueIdentifier>{4FC737F1-C7A5-4376-A066-2A32D752A2FF}</UniqueIdentifier>
      <Extensions>cpp;c;cc;cxx;def;odl;idl;hpj;bat;asm;asmx</Extensions>
    </Filter>
    <Filter Include="Header Files">
      <UniqueIdentifier>{93995380-89BD-4b04-88EB-625FBE52EBFB}</UniqueIdentifier>
      <Extensions>h;hh;hpp;hxx;hm;inl;inc;ipp;xsd</Extensions>
    </Filter>
    <Filter Include="Resource Files">
      <UniqueIdentifier>{67DA6AB6-F800-4c08-8B7A-83BB121AAD01}</UniqueIdentifier>
      <Extensions>rc;ico;cur;bmp;dlg;rc2;rct;bin;rgs;gif;jpg;jpeg;jpe;resx;tiff;tif;png;wav;mfcribbon-ms</Extensions>
    </Filter>
    <Filter Include="Source Files\GameManager">
      <UniqueIdentifier>{6d3bc6a2-74c0-4f2f-9d99-d51bdcf6a157}</UniqueIdentifier>
    </Filter>
    <Filter Include="Source Files\Component">
      <UniqueIdentifier>{bd03b60c-7bd7-4edb-bad0-b225216c9bbe}</UniqueIdentifier>
    </Filter>
    <Filter Include="Source Files\Component\Render">
      <UniqueIdentifier>{21203700-855f-43a4-99e5-6872140c63be}</UniqueIdentifier>
    </Filter>
    <Filter Include="Source Files\Component\Physics">
      <UniqueIdentifier>{00bd5801-a340-4a6c-8f96-ec940350bdab}</UniqueIdentifier>
    </Filter>
    <Filter Include="Source Files\Utility">
      <UniqueIdentifier>{a6d23c4d-39ee-4186-be42-46cad31b6f15}</UniqueIdentifier>
    </Filter>
    <Filter Include="Source Files\Utility\Math">
      <UniqueIdentifier>{750ab6f0-aacd-409c-9926-b9a4b174984d}</UniqueIdentifier>
    </Filter>
    <Filter Include="Source Files\GameScript">
      <UniqueIdentifier>{cd7688d7-af9d-4a48-b96a-0ce5c5f35133}</UniqueIdentifier>
    </Filter>
    <Filter Include="Source Files\GameScript\Level">
      <UniqueIdentifier>{f627ee0a-4ff2-4d1d-ab41-38f9fbad7c2b}</UniqueIdentifier>
    </Filter>
    <Filter Include="Source Files\GameScript\Sprites">
      <UniqueIdentifier>{2d81692b-85a6-4176-9dfc-920103905999}</UniqueIdentifier>
    </Filter>
    <Filter Include="Source Files\Utility\DataStructures">
      <UniqueIdentifier>{a61950a7-edd7-4c75-982e-c035292780f6}</UniqueIdentifier>
    </Filter>
    <Filter Include="Source Files\Core">
      <UniqueIdentifier>{0b807cb8-5dd2-4cdb-a3fc-2cf581d2d1f3}</UniqueIdentifier>
    </Filter>
  </ItemGroup>
  <ItemGroup>
    <ClCompile Include="Engine\Component\Render\GameRenderer.cpp">
      <Filter>Source Files\Component\Render</Filter>
    </ClCompile>
    <ClCompile Include="Engine\Component\Render\RectangleRenderer2D.cpp">
      <Filter>Source Files\Component\Render</Filter>
    </ClCompile>
    <ClCompile Include="Engine\MainDriver.cpp">
      <Filter>Source Files</Filter>
    </ClCompile>
    <ClCompile Include="Engine\GameManager\SDLManager.cpp">
      <Filter>Source Files\GameManager</Filter>
    </ClCompile>
    <ClCompile Include="Engine\GameManager\SubSystemManager.cpp">
      <Filter>Source Files\GameManager</Filter>
    </ClCompile>
    <ClCompile Include="Engine\Component\Render\CircleRenderer2D.cpp">
      <Filter>Source Files\Component\Render</Filter>
    </ClCompile>
    <ClCompile Include="Engine\Component\Physics\GameCollider.cpp">
      <Filter>Source Files\Component\Physics</Filter>
    </ClCompile>
    <ClCompile Include="Engine\Component\Physics\RectangleCollider2D.cpp">
      <Filter>Source Files\Component\Physics</Filter>
    </ClCompile>
    <ClCompile Include="Game Assets\Scripts\Level\LevelManager.cpp">
      <Filter>Source Files\GameScript\Level</Filter>
    </ClCompile>
    <ClCompile Include="Game Assets\Scripts\Sprites\Brick.cpp">
      <Filter>Source Files\GameScript\Sprites</Filter>
    </ClCompile>
    <ClCompile Include="Engine\Utility\Math\GameMath.cpp">
      <Filter>Source Files\Utility\Math</Filter>
    </ClCompile>
    <ClCompile Include="Engine\GameManager\PhysicsManager.cpp">
      <Filter>Source Files\GameManager</Filter>
    </ClCompile>
    <ClCompile Include="Engine\Core\CoreClass.cpp">
      <Filter>Source Files\Core</Filter>
    </ClCompile>
    <ClCompile Include="Engine\GameManager\ObjectManager.cpp">
      <Filter>Source Files\GameManager</Filter>
    </ClCompile>
    <ClCompile Include="Engine\GameManager\RenderManager.cpp">
      <Filter>Source Files\GameManager</Filter>
    </ClCompile>
    <ClCompile Include="Engine\Utility\DataStructures\Color.cpp">
      <Filter>Source Files\Utility\DataStructures</Filter>
    </ClCompile>
  </ItemGroup>
  <ItemGroup>
    <ClInclude Include="Engine\Component\Render\GameRenderer.h">
      <Filter>Source Files\Component\Render</Filter>
    </ClInclude>
    <ClInclude Include="Engine\Component\Render\RectangleRenderer2D.h">
      <Filter>Source Files\Component\Render</Filter>
    </ClInclude>
    <ClInclude Include="Engine\GameManager\SDLManager.h">
      <Filter>Source Files\GameManager</Filter>
    </ClInclude>
    <ClInclude Include="Engine\GameManager\SubSystemManager.h">
      <Filter>Source Files\GameManager</Filter>
    </ClInclude>
    <ClInclude Include="Engine\Component\Render\CircleRenderer2D.h">
      <Filter>Source Files\Component\Render</Filter>
    </ClInclude>
    <ClInclude Include="Engine\Component\Physics\GameCollider.h">
      <Filter>Source Files\Component\Physics</Filter>
    </ClInclude>
    <ClInclude Include="Engine\Component\Physics\RectangleCollider2D.h">
      <Filter>Source Files\Component\Physics</Filter>
    </ClInclude>
    <ClInclude Include="Engine\Utility\Math\GameMath.h">
      <Filter>Source Files\Utility\Math</Filter>
    </ClInclude>
    <ClInclude Include="Game Assets\Scripts\Level\LevelManager.h">
      <Filter>Source Files\GameScript\Level</Filter>
    </ClInclude>
    <ClInclude Include="Game Assets\Scripts\Sprites\Brick.h">
      <Filter>Source Files\GameScript\Sprites</Filter>
    </ClInclude>
    <ClInclude Include="Engine\GameManager\GameSingleton.h">
      <Filter>Source Files\GameManager</Filter>
    </ClInclude>
    <ClInclude Include="Engine\GameManager\PhysicsManager.h">
      <Filter>Source Files\GameManager</Filter>
    </ClInclude>
    <ClInclude Include="Engine\Core\CoreClass.h">
      <Filter>Source Files\Core</Filter>
    </ClInclude>
    <ClInclude Include="Engine\GameManager\ObjectManager.h">
      <Filter>Source Files\GameManager</Filter>
    </ClInclude>
    <ClInclude Include="Engine\GameManager\RenderManager.h">
      <Filter>Source Files\GameManager</Filter>
    </ClInclude>
    <ClInclude Include="Engine\Utility\DataStructures\Color.h">
      <Filter>Source Files\Utility\DataStructures</Filter>
    </ClInclude>
  </ItemGroup>
</Project>